
Microsoft Visual Studio Solution File, Format Version 12.00
# Visual Studio Version 16
VisualStudioVersion = 16.0.29102.190
MinimumVisualStudioVersion = 10.0.40219.1
Project("{FAE04EC0-301F-11D3-BF4B-00C04F79EFBC}") = "Snake", "Snake\Snake.csproj", "{F575A3FB-42B8-486F-AA5C-ADA8AB3454EA}"
EndProject
Global
	GlobalSection(SolutionConfigurationPlatforms) = preSolution
		Debug|Any CPU = Debug|Any CPU
		Release|Any CPU = Release|Any CPU
	EndGlobalSection
	GlobalSection(ProjectConfigurationPlatforms) = postSolution
		{F575A3FB-42B8-486F-AA5C-ADA8AB3454EA}.Debug|Any CPU.ActiveCfg = Debug|Any CPU
		{F575A3FB-42B8-486F-AA5C-ADA8AB3454EA}.Debug|Any CPU.Build.0 = Debug|Any CPU
		{F575A3FB-42B8-486F-AA5C-ADA8AB3454EA}.Release|Any CPU.ActiveCfg = Release|Any CPU
		{F575A3FB-42B8-486F-AA5C-ADA8AB3454EA}.Release|Any CPU.Build.0 = Release|Any CPU
	EndGlobalSection
	GlobalSection(SolutionProperties) = preSolution
		HideSolutionNode = FALSE
	EndGlobalSection
	GlobalSection(ExtensibilityGlobals) = postSolution
		SolutionGuid = {7C1EC8C1-CC6B-4ADB-8870-6C8B1F4F3D60}
	EndGlobalSection
EndGlobal
